
Microsoft Visual Studio Solution File, Format Version 12.00
# Visual Studio Version 16
VisualStudioVersion = 16.0.30011.22
MinimumVisualStudioVersion = 10.0.40219.1
Project("{FAE04EC0-301F-11D3-BF4B-00C04F79EFBC}") = "E1News", "E1News.csproj", "{0B457D50-4EF4-466D-8858-B18AB1C3983C}"
EndProject
Global
	GlobalSection(SolutionConfigurationPlatforms) = preSolution
		Debug|Any CPU = Debug|Any CPU
		Release|Any CPU = Release|Any CPU
	EndGlobalSection
	GlobalSection(ProjectConfigurationPlatforms) = postSolution
		{0B457D50-4EF4-466D-8858-B18AB1C3983C}.Debug|Any CPU.ActiveCfg = Debug|Any CPU
		{0B457D50-4EF4-466D-8858-B18AB1C3983C}.Debug|Any CPU.Build.0 = Debug|Any CPU
		{0B457D50-4EF4-466D-8858-B18AB1C3983C}.Release|Any CPU.ActiveCfg = Release|Any CPU
		{0B457D50-4EF4-466D-8858-B18AB1C3983C}.Release|Any CPU.Build.0 = Release|Any CPU
	EndGlobalSection
	GlobalSection(SolutionProperties) = preSolution
		HideSolutionNode = FALSE
	EndGlobalSection
	GlobalSection(ExtensibilityGlobals) = postSolution
		SolutionGuid = {AEBBD588-B60F-46A0-8676-2D506E6E1BE9}
	EndGlobalSection
EndGlobal
