# THIS IS AN AUTOGENERATED FILE. DO NOT EDIT THIS FILE DIRECTLY.
# yarn lockfile v1


mobx-react-lite@^3.0.0:
  version "3.0.1"
  resolved "https://registry.yarnpkg.com/mobx-react-lite/-/mobx-react-lite-3.0.1.tgz#417f54a819d1e3e00c073077f29373399c95b005"
  integrity sha512-Ue8uGgT5iOjMyNf5ptoFW7BTvyLIwggzIkoFpwORrqf73TPqu47iLpz/DNvaba3v40kSsEpp050qYroMNuA1xw==

mobx-react@7.0.0:
  version "7.0.0"
  resolved "https://registry.yarnpkg.com/mobx-react/-/mobx-react-7.0.0.tgz#c2eb0c3f79ade93ffb07b1ffa07cbaeb5f04e9b6"
  integrity sha512-yxbTG+ovn/GbgF3+QdQahkL5sXiITtwvkoXM6PNqd0V4jvO53cnr/YM4PYuA+0Ig95IW1nojA3qViJx9ufJm6w==
  dependencies:
    mobx-react-lite "^3.0.0"

mobx-state-tree@3.17.2:
  version "3.17.2"
  resolved "https://registry.yarnpkg.com/mobx-state-tree/-/mobx-state-tree-3.17.2.tgz#130ab4d450fc4dd6e2571b7385af1350c82def37"
  integrity sha512-X0+xO7yEvBvPmLU2Z6cp81sD0xQaMXgLD4lGZoKSasOhNJSQPyKlu/LFxJTS6Wgw7J3gkWq9MMfQ4pO6wGMVfw==

mobx@6.0.3:
  version "6.0.3"
  resolved "https://registry.yarnpkg.com/mobx/-/mobx-6.0.3.tgz#cec784bb41acf9eb87b449f1181c9dd8c77ccc0b"
  integrity sha512-DBMd0NXsMn25HJMUAWBndgJ2wRjOJPbpn6wdzUvZW0PVsyTnrw028XwQfzsjnxnKG+bAXGVNb38rvd+1o0G9uQ==
