
Microsoft Visual Studio Solution File, Format Version 12.00
# Visual Studio Version 16
VisualStudioVersion = 16.0.30011.22
MinimumVisualStudioVersion = 10.0.40219.1
Project("{FAE04EC0-301F-11D3-BF4B-00C04F79EFBC}") = "ShowSort", "ShowSort.csproj", "{C1250DFB-0728-435E-B9CA-88D2BB3B5135}"
EndProject
Global
	GlobalSection(SolutionConfigurationPlatforms) = preSolution
		Debug|Any CPU = Debug|Any CPU
		Release|Any CPU = Release|Any CPU
	EndGlobalSection
	GlobalSection(ProjectConfigurationPlatforms) = postSolution
		{C1250DFB-0728-435E-B9CA-88D2BB3B5135}.Debug|Any CPU.ActiveCfg = Debug|Any CPU
		{C1250DFB-0728-435E-B9CA-88D2BB3B5135}.Debug|Any CPU.Build.0 = Debug|Any CPU
		{C1250DFB-0728-435E-B9CA-88D2BB3B5135}.Release|Any CPU.ActiveCfg = Release|Any CPU
		{C1250DFB-0728-435E-B9CA-88D2BB3B5135}.Release|Any CPU.Build.0 = Release|Any CPU
	EndGlobalSection
	GlobalSection(SolutionProperties) = preSolution
		HideSolutionNode = FALSE
	EndGlobalSection
	GlobalSection(ExtensibilityGlobals) = postSolution
		SolutionGuid = {CAAFCCCE-05E2-40A7-93A4-74C1A421644E}
	EndGlobalSection
EndGlobal
